
Microsoft Visual Studio Solution File, Format Version 12.00
Project("{2150E333-8FDC-42A3-9474-1A3956D46DE8}") = "Services", "Services", "{9D1CC0B2-2C17-4A56-9A46-982BE7A1D9B6}"
EndProject
Project("{2150E333-8FDC-42A3-9474-1A3956D46DE8}") = "Catalog", "Catalog", "{BECC9992-1BBE-4CE3-AF0D-0201F1546092}"
EndProject
Project("{FAE04EC0-301F-11D3-BF4B-00C04F79EFBC}") = "Catalog.Api", "Services\Catalog\Catalog.Api\Catalog.Api.csproj", "{4017A4DA-C798-4F3B-B9BF-E4DFBF3E4B33}"
EndProject
Project("{2150E333-8FDC-42A3-9474-1A3956D46DE8}") = "BuildingBlocks", "BuildingBlocks", "{7266C4A9-E384-DC00-0EB6-47F6002CFBA7}"
EndProject
Project("{FAE04EC0-301F-11D3-BF4B-00C04F79EFBC}") = "BuildingBlocks", "BuildingBlocks\BuildingBlocks\BuildingBlocks.csproj", "{6DA13ABC-467F-40B8-8F5B-95B8B46BE5CB}"
EndProject
Global
	GlobalSection(SolutionConfigurationPlatforms) = preSolution
		Debug|Any CPU = Debug|Any CPU
		Debug|x64 = Debug|x64
		Debug|x86 = Debug|x86
		Release|Any CPU = Release|Any CPU
		Release|x64 = Release|x64
		Release|x86 = Release|x86
	EndGlobalSection
	GlobalSection(ProjectConfigurationPlatforms) = postSolution
		{4017A4DA-C798-4F3B-B9BF-E4DFBF3E4B33}.Debug|Any CPU.ActiveCfg = Debug|Any CPU
		{4017A4DA-C798-4F3B-B9BF-E4DFBF3E4B33}.Debug|Any CPU.Build.0 = Debug|Any CPU
		{4017A4DA-C798-4F3B-B9BF-E4DFBF3E4B33}.Debug|x64.ActiveCfg = Debug|Any CPU
		{4017A4DA-C798-4F3B-B9BF-E4DFBF3E4B33}.Debug|x64.Build.0 = Debug|Any CPU
		{4017A4DA-C798-4F3B-B9BF-E4DFBF3E4B33}.Debug|x86.ActiveCfg = Debug|Any CPU
		{4017A4DA-C798-4F3B-B9BF-E4DFBF3E4B33}.Debug|x86.Build.0 = Debug|Any CPU
		{4017A4DA-C798-4F3B-B9BF-E4DFBF3E4B33}.Release|Any CPU.ActiveCfg = Release|Any CPU
		{4017A4DA-C798-4F3B-B9BF-E4DFBF3E4B33}.Release|Any CPU.Build.0 = Release|Any CPU
		{4017A4DA-C798-4F3B-B9BF-E4DFBF3E4B33}.Release|x64.ActiveCfg = Release|Any CPU
		{4017A4DA-C798-4F3B-B9BF-E4DFBF3E4B33}.Release|x64.Build.0 = Release|Any CPU
		{4017A4DA-C798-4F3B-B9BF-E4DFBF3E4B33}.Release|x86.ActiveCfg = Release|Any CPU
		{4017A4DA-C798-4F3B-B9BF-E4DFBF3E4B33}.Release|x86.Build.0 = Release|Any CPU
		{6DA13ABC-467F-40B8-8F5B-95B8B46BE5CB}.Debug|Any CPU.ActiveCfg = Debug|Any CPU
		{6DA13ABC-467F-40B8-8F5B-95B8B46BE5CB}.Debug|Any CPU.Build.0 = Debug|Any CPU
		{6DA13ABC-467F-40B8-8F5B-95B8B46BE5CB}.Debug|x64.ActiveCfg = Debug|Any CPU
		{6DA13ABC-467F-40B8-8F5B-95B8B46BE5CB}.Debug|x64.Build.0 = Debug|Any CPU
		{6DA13ABC-467F-40B8-8F5B-95B8B46BE5CB}.Debug|x86.ActiveCfg = Debug|Any CPU
		{6DA13ABC-467F-40B8-8F5B-95B8B46BE5CB}.Debug|x86.Build.0 = Debug|Any CPU
		{6DA13ABC-467F-40B8-8F5B-95B8B46BE5CB}.Release|Any CPU.ActiveCfg = Release|Any CPU
		{6DA13ABC-467F-40B8-8F5B-95B8B46BE5CB}.Release|Any CPU.Build.0 = Release|Any CPU
		{6DA13ABC-467F-40B8-8F5B-95B8B46BE5CB}.Release|x64.ActiveCfg = Release|Any CPU
		{6DA13ABC-467F-40B8-8F5B-95B8B46BE5CB}.Release|x64.Build.0 = Release|Any CPU
		{6DA13ABC-467F-40B8-8F5B-95B8B46BE5CB}.Release|x86.ActiveCfg = Release|Any CPU
		{6DA13ABC-467F-40B8-8F5B-95B8B46BE5CB}.Release|x86.Build.0 = Release|Any CPU
	EndGlobalSection
	GlobalSection(SolutionProperties) = preSolution
		HideSolutionNode = FALSE
	EndGlobalSection
	GlobalSection(NestedProjects) = preSolution
		{BECC9992-1BBE-4CE3-AF0D-0201F1546092} = {9D1CC0B2-2C17-4A56-9A46-982BE7A1D9B6}
		{4017A4DA-C798-4F3B-B9BF-E4DFBF3E4B33} = {BECC9992-1BBE-4CE3-AF0D-0201F1546092}
		{6DA13ABC-467F-40B8-8F5B-95B8B46BE5CB} = {7266C4A9-E384-DC00-0EB6-47F6002CFBA7}
	EndGlobalSection
EndGlobal
