
Microsoft Visual Studio Solution File, Format Version 12.00
Project("{2150E333-8FDC-42A3-9474-1A3956D46DE8}") = "Services", "Services", "{9D1CC0B2-2C17-4A56-9A46-982BE7A1D9B6}"
EndProject
Project("{2150E333-8FDC-42A3-9474-1A3956D46DE8}") = "Catalog", "Catalog", "{BECC9992-1BBE-4CE3-AF0D-0201F1546092}"
EndProject
Project("{FAE04EC0-301F-11D3-BF4B-00C04F79EFBC}") = "Catalog.Api", "Services\Catalog\Catalog.Api\Catalog.Api.csproj", "{4017A4DA-C798-4F3B-B9BF-E4DFBF3E4B33}"
EndProject
Project("{2150E333-8FDC-42A3-9474-1A3956D46DE8}") = "BuildingBlocks", "BuildingBlocks", "{7266C4A9-E384-DC00-0EB6-47F6002CFBA7}"
EndProject
Project("{FAE04EC0-301F-11D3-BF4B-00C04F79EFBC}") = "BuildingBlocks", "BuildingBlocks\BuildingBlocks\BuildingBlocks.csproj", "{6DA13ABC-467F-40B8-8F5B-95B8B46BE5CB}"
EndProject
Project("{2150E333-8FDC-42A3-9474-1A3956D46DE8}") = "Solution Items", "Solution Items", "{006B4A34-1862-432D-AEFD-0BF5D5D3789E}"
	ProjectSection(SolutionItems) = preProject
		docker-compose.yaml = docker-compose.yaml
		docker-compose.override.yaml = docker-compose.override.yaml
	EndProjectSection
EndProject
Project("{2150E333-8FDC-42A3-9474-1A3956D46DE8}") = "Basket", "Basket", "{41E3DE23-F27C-4F34-BF4C-3674859A4BD9}"
EndProject
Project("{FAE04EC0-301F-11D3-BF4B-00C04F79EFBC}") = "Basket.Api", "Services\Basket\Basket.Api\Basket.Api.csproj", "{122BBAAE-08F9-4307-82BB-DBAB688B8609}"
EndProject
Project("{2150E333-8FDC-42A3-9474-1A3956D46DE8}") = "Discount", "Discount", "{0B3C49E3-1623-4360-B48C-A8F6A3DEF626}"
EndProject
Project("{FAE04EC0-301F-11D3-BF4B-00C04F79EFBC}") = "Discount.Grpc", "Services\Discount\Discount.Grpc\Discount.Grpc.csproj", "{2563E138-79A4-4B21-BD60-3669D1D493E7}"
EndProject
Project("{2150E333-8FDC-42A3-9474-1A3956D46DE8}") = "Order", "Order", "{7FEAE141-B387-4003-BAB9-1397A6D0088E}"
EndProject
Project("{FAE04EC0-301F-11D3-BF4B-00C04F79EFBC}") = "Order.Api", "Services\Order\Order.Api\Order.Api.csproj", "{1B25FE38-593F-447A-8C38-D0F3DE32FFB2}"
EndProject
Global
	GlobalSection(SolutionConfigurationPlatforms) = preSolution
		Debug|Any CPU = Debug|Any CPU
		Debug|x64 = Debug|x64
		Debug|x86 = Debug|x86
		Release|Any CPU = Release|Any CPU
		Release|x64 = Release|x64
		Release|x86 = Release|x86
	EndGlobalSection
	GlobalSection(ProjectConfigurationPlatforms) = postSolution
		{4017A4DA-C798-4F3B-B9BF-E4DFBF3E4B33}.Debug|Any CPU.ActiveCfg = Debug|Any CPU
		{4017A4DA-C798-4F3B-B9BF-E4DFBF3E4B33}.Debug|Any CPU.Build.0 = Debug|Any CPU
		{4017A4DA-C798-4F3B-B9BF-E4DFBF3E4B33}.Debug|x64.ActiveCfg = Debug|Any CPU
		{4017A4DA-C798-4F3B-B9BF-E4DFBF3E4B33}.Debug|x64.Build.0 = Debug|Any CPU
		{4017A4DA-C798-4F3B-B9BF-E4DFBF3E4B33}.Debug|x86.ActiveCfg = Debug|Any CPU
		{4017A4DA-C798-4F3B-B9BF-E4DFBF3E4B33}.Debug|x86.Build.0 = Debug|Any CPU
		{4017A4DA-C798-4F3B-B9BF-E4DFBF3E4B33}.Release|Any CPU.ActiveCfg = Release|Any CPU
		{4017A4DA-C798-4F3B-B9BF-E4DFBF3E4B33}.Release|Any CPU.Build.0 = Release|Any CPU
		{4017A4DA-C798-4F3B-B9BF-E4DFBF3E4B33}.Release|x64.ActiveCfg = Release|Any CPU
		{4017A4DA-C798-4F3B-B9BF-E4DFBF3E4B33}.Release|x64.Build.0 = Release|Any CPU
		{4017A4DA-C798-4F3B-B9BF-E4DFBF3E4B33}.Release|x86.ActiveCfg = Release|Any CPU
		{4017A4DA-C798-4F3B-B9BF-E4DFBF3E4B33}.Release|x86.Build.0 = Release|Any CPU
		{6DA13ABC-467F-40B8-8F5B-95B8B46BE5CB}.Debug|Any CPU.ActiveCfg = Debug|Any CPU
		{6DA13ABC-467F-40B8-8F5B-95B8B46BE5CB}.Debug|Any CPU.Build.0 = Debug|Any CPU
		{6DA13ABC-467F-40B8-8F5B-95B8B46BE5CB}.Debug|x64.ActiveCfg = Debug|Any CPU
		{6DA13ABC-467F-40B8-8F5B-95B8B46BE5CB}.Debug|x64.Build.0 = Debug|Any CPU
		{6DA13ABC-467F-40B8-8F5B-95B8B46BE5CB}.Debug|x86.ActiveCfg = Debug|Any CPU
		{6DA13ABC-467F-40B8-8F5B-95B8B46BE5CB}.Debug|x86.Build.0 = Debug|Any CPU
		{6DA13ABC-467F-40B8-8F5B-95B8B46BE5CB}.Release|Any CPU.ActiveCfg = Release|Any CPU
		{6DA13ABC-467F-40B8-8F5B-95B8B46BE5CB}.Release|Any CPU.Build.0 = Release|Any CPU
		{6DA13ABC-467F-40B8-8F5B-95B8B46BE5CB}.Release|x64.ActiveCfg = Release|Any CPU
		{6DA13ABC-467F-40B8-8F5B-95B8B46BE5CB}.Release|x64.Build.0 = Release|Any CPU
		{6DA13ABC-467F-40B8-8F5B-95B8B46BE5CB}.Release|x86.ActiveCfg = Release|Any CPU
		{6DA13ABC-467F-40B8-8F5B-95B8B46BE5CB}.Release|x86.Build.0 = Release|Any CPU
		{122BBAAE-08F9-4307-82BB-DBAB688B8609}.Debug|Any CPU.ActiveCfg = Debug|Any CPU
		{122BBAAE-08F9-4307-82BB-DBAB688B8609}.Debug|Any CPU.Build.0 = Debug|Any CPU
		{122BBAAE-08F9-4307-82BB-DBAB688B8609}.Debug|x64.ActiveCfg = Debug|Any CPU
		{122BBAAE-08F9-4307-82BB-DBAB688B8609}.Debug|x64.Build.0 = Debug|Any CPU
		{122BBAAE-08F9-4307-82BB-DBAB688B8609}.Debug|x86.ActiveCfg = Debug|Any CPU
		{122BBAAE-08F9-4307-82BB-DBAB688B8609}.Debug|x86.Build.0 = Debug|Any CPU
		{122BBAAE-08F9-4307-82BB-DBAB688B8609}.Release|Any CPU.ActiveCfg = Release|Any CPU
		{122BBAAE-08F9-4307-82BB-DBAB688B8609}.Release|Any CPU.Build.0 = Release|Any CPU
		{122BBAAE-08F9-4307-82BB-DBAB688B8609}.Release|x64.ActiveCfg = Release|Any CPU
		{122BBAAE-08F9-4307-82BB-DBAB688B8609}.Release|x64.Build.0 = Release|Any CPU
		{122BBAAE-08F9-4307-82BB-DBAB688B8609}.Release|x86.ActiveCfg = Release|Any CPU
		{122BBAAE-08F9-4307-82BB-DBAB688B8609}.Release|x86.Build.0 = Release|Any CPU
		{2563E138-79A4-4B21-BD60-3669D1D493E7}.Debug|Any CPU.ActiveCfg = Debug|Any CPU
		{2563E138-79A4-4B21-BD60-3669D1D493E7}.Debug|Any CPU.Build.0 = Debug|Any CPU
		{2563E138-79A4-4B21-BD60-3669D1D493E7}.Debug|x64.ActiveCfg = Debug|Any CPU
		{2563E138-79A4-4B21-BD60-3669D1D493E7}.Debug|x64.Build.0 = Debug|Any CPU
		{2563E138-79A4-4B21-BD60-3669D1D493E7}.Debug|x86.ActiveCfg = Debug|Any CPU
		{2563E138-79A4-4B21-BD60-3669D1D493E7}.Debug|x86.Build.0 = Debug|Any CPU
		{2563E138-79A4-4B21-BD60-3669D1D493E7}.Release|Any CPU.ActiveCfg = Release|Any CPU
		{2563E138-79A4-4B21-BD60-3669D1D493E7}.Release|Any CPU.Build.0 = Release|Any CPU
		{2563E138-79A4-4B21-BD60-3669D1D493E7}.Release|x64.ActiveCfg = Release|Any CPU
		{2563E138-79A4-4B21-BD60-3669D1D493E7}.Release|x64.Build.0 = Release|Any CPU
		{2563E138-79A4-4B21-BD60-3669D1D493E7}.Release|x86.ActiveCfg = Release|Any CPU
		{2563E138-79A4-4B21-BD60-3669D1D493E7}.Release|x86.Build.0 = Release|Any CPU
		{1B25FE38-593F-447A-8C38-D0F3DE32FFB2}.Debug|Any CPU.ActiveCfg = Debug|Any CPU
		{1B25FE38-593F-447A-8C38-D0F3DE32FFB2}.Debug|Any CPU.Build.0 = Debug|Any CPU
		{1B25FE38-593F-447A-8C38-D0F3DE32FFB2}.Debug|x64.ActiveCfg = Debug|Any CPU
		{1B25FE38-593F-447A-8C38-D0F3DE32FFB2}.Debug|x64.Build.0 = Debug|Any CPU
		{1B25FE38-593F-447A-8C38-D0F3DE32FFB2}.Debug|x86.ActiveCfg = Debug|Any CPU
		{1B25FE38-593F-447A-8C38-D0F3DE32FFB2}.Debug|x86.Build.0 = Debug|Any CPU
		{1B25FE38-593F-447A-8C38-D0F3DE32FFB2}.Release|Any CPU.ActiveCfg = Release|Any CPU
		{1B25FE38-593F-447A-8C38-D0F3DE32FFB2}.Release|Any CPU.Build.0 = Release|Any CPU
		{1B25FE38-593F-447A-8C38-D0F3DE32FFB2}.Release|x64.ActiveCfg = Release|Any CPU
		{1B25FE38-593F-447A-8C38-D0F3DE32FFB2}.Release|x64.Build.0 = Release|Any CPU
		{1B25FE38-593F-447A-8C38-D0F3DE32FFB2}.Release|x86.ActiveCfg = Release|Any CPU
		{1B25FE38-593F-447A-8C38-D0F3DE32FFB2}.Release|x86.Build.0 = Release|Any CPU
	EndGlobalSection
	GlobalSection(SolutionProperties) = preSolution
		HideSolutionNode = FALSE
	EndGlobalSection
	GlobalSection(NestedProjects) = preSolution
		{BECC9992-1BBE-4CE3-AF0D-0201F1546092} = {9D1CC0B2-2C17-4A56-9A46-982BE7A1D9B6}
		{4017A4DA-C798-4F3B-B9BF-E4DFBF3E4B33} = {BECC9992-1BBE-4CE3-AF0D-0201F1546092}
		{6DA13ABC-467F-40B8-8F5B-95B8B46BE5CB} = {7266C4A9-E384-DC00-0EB6-47F6002CFBA7}
		{41E3DE23-F27C-4F34-BF4C-3674859A4BD9} = {9D1CC0B2-2C17-4A56-9A46-982BE7A1D9B6}
		{122BBAAE-08F9-4307-82BB-DBAB688B8609} = {41E3DE23-F27C-4F34-BF4C-3674859A4BD9}
		{0B3C49E3-1623-4360-B48C-A8F6A3DEF626} = {9D1CC0B2-2C17-4A56-9A46-982BE7A1D9B6}
		{2563E138-79A4-4B21-BD60-3669D1D493E7} = {0B3C49E3-1623-4360-B48C-A8F6A3DEF626}
		{7FEAE141-B387-4003-BAB9-1397A6D0088E} = {9D1CC0B2-2C17-4A56-9A46-982BE7A1D9B6}
		{1B25FE38-593F-447A-8C38-D0F3DE32FFB2} = {7FEAE141-B387-4003-BAB9-1397A6D0088E}
	EndGlobalSection
EndGlobal
